PODS:
  - CocoaAsyncSocket (7.4.1)
  - Moscapsule (0.5.0)
  - MSWeakTimer (1.1.0)
  - OpenSSL-Universal (1.0.1.l)

DEPENDENCIES:
  - CocoaAsyncSocket
  - Moscapsule (from `https://github.com/flightonary/Moscapsule.git`)
  - MSWeakTimer (~> 1.1.0)
  - OpenSSL-Universal (~> 1.0.1.l)

EXTERNAL SOURCES:
  Moscapsule:
    :git: https://github.com/flightonary/Moscapsule.git

CHECKOUT OPTIONS:
  Moscapsule:
    :commit: 635d17f3ac42eeafd96c141b66790f86eedc6a71
    :git: https://github.com/flightonary/Moscapsule.git

SPEC CHECKSUMS:
  CocoaAsyncSocket: 7cbf214b27f8e7f7574db6a3fd96352ffaed433d
  Moscapsule: 11e89f76536694d7204cc32c56729b1e1b5f6d77
  MSWeakTimer: 9426150f933b80ed3acf3f6d228e4b61f0e303c8
  OpenSSL-Universal: eeb215fff0c6b65b6ba8f4262ef52d3baf2df2d7

COCOAPODS: 0.37.2
